// !$*UTF8*$!
{
	archiveVersion = 1;
	classes = {
	};
	objectVersion = 46;
	objects = {

/* Begin PBXBuildFile section */
		0A0740E41A19A6B90087D770 /* BGKVLevel11PasswordViewController.m in Sources */ = {isa = PBXBuildFile; fileRef = 0A0740E31A19A6B90087D770 /* BGKVLevel11PasswordViewController.m */; };
		0A1D068D1A11B4D4005BB7BE /* Level3Tests.m in Sources */ = {isa = PBXBuildFile; fileRef = 0A1D068C1A11B4D4005BB7BE /* Level3Tests.m */; };
		0A1D06901A11DAB3005BB7BE /* Level6Storyboard.storyboard in Resources */ = {isa = PBXBuildFile; fileRef = 0A1D068F1A11DAB3005BB7BE /* Level6Storyboard.storyboard */; };
		0A1D06921A11DAD1005BB7BE /* BGKVLevel6PasswordViewController.h in Resources */ = {isa = PBXBuildFile; fileRef = 0A1D06911A11DAD1005BB7BE /* BGKVLevel6PasswordViewController.h */; };
		0A1D06941A11DAE2005BB7BE /* BGKVLevel6PasswordViewController.m in Sources */ = {isa = PBXBuildFile; fileRef = 0A1D06931A11DAE2005BB7BE /* BGKVLevel6PasswordViewController.m */; };
		0A1D06961A11DD0A005BB7BE /* Level6Tests.m in Sources */ = {isa = PBXBuildFile; fileRef = 0A1D06951A11DD0A005BB7BE /* Level6Tests.m */; };
		0A872EB81A2011AE003C6BE2 /* Level18Storyboard.storyboard in Resources */ = {isa = PBXBuildFile; fileRef = 0A872EB71A2011AE003C6BE2 /* Level18Storyboard.storyboard */; };
		0A872EBA1A2011BC003C6BE2 /* BGKVLevel18PasswordViewController.h in Resources */ = {isa = PBXBuildFile; fileRef = 0A872EB91A2011BC003C6BE2 /* BGKVLevel18PasswordViewController.h */; };
		0A872EBC1A2011D0003C6BE2 /* BGKVLevel18PasswordViewController.m in Sources */ = {isa = PBXBuildFile; fileRef = 0A872EBB1A2011D0003C6BE2 /* BGKVLevel18PasswordViewController.m */; };
		0A8D738C1A19476300E35321 /* Level12Storyboard.storyboard in Resources */ = {isa = PBXBuildFile; fileRef = 0A8D738B1A19476300E35321 /* Level12Storyboard.storyboard */; };
		0A8D738E1A19476E00E35321 /* BGKVLevel12PasswordViewController.h in Resources */ = {isa = PBXBuildFile; fileRef = 0A8D738D1A19476E00E35321 /* BGKVLevel12PasswordViewController.h */; };
		0A8D73901A19479C00E35321 /* BGKVLevel12PasswordViewController.m in Sources */ = {isa = PBXBuildFile; fileRef = 0A8D738F1A19479C00E35321 /* BGKVLevel12PasswordViewController.m */; };
		0A98371E1A0C32FB00013F08 /* TutorialLevelStoryboard.storyboard in Resources */ = {isa = PBXBuildFile; fileRef = 0A98371D1A0C32FB00013F08 /* TutorialLevelStoryboard.storyboard */; };
		0AA3C7B81A0DE780000B0E7C /* Level3Storyboard.storyboard in Resources */ = {isa = PBXBuildFile; fileRef = 0AA3C7B71A0DE780000B0E7C /* Level3Storyboard.storyboard */; };
		0AA3C7BB1A0DE7B6000B0E7C /* BGKVLevel3PasswordViewController.m in Sources */ = {isa = PBXBuildFile; fileRef = 0AA3C7BA1A0DE7B6000B0E7C /* BGKVLevel3PasswordViewController.m */; };
		0AAF58CF1A199CB9005984BE /* Level11Storyboard.storyboard in Resources */ = {isa = PBXBuildFile; fileRef = 0AAF58CE1A199CB9005984BE /* Level11Storyboard.storyboard */; };
		5D4E1C991A11B24900C50D71 /* BGKVLoadScreenViewController.m in Sources */ = {isa = PBXBuildFile; fileRef = 5D4E1C981A11B24900C50D71 /* BGKVLoadScreenViewController.m */; };
		5D4E1C9C1A11CE9900C50D71 /* spy_music.mp3 in Resources */ = {isa = PBXBuildFile; fileRef = 5D4E1C9B1A11CE9900C50D71 /* spy_music.mp3 */; };
		5D4E1CA51A11D9A100C50D71 /* Level4Storyboard.storyboard in Resources */ = {isa = PBXBuildFile; fileRef = 5D4E1CA41A11D9A100C50D71 /* Level4Storyboard.storyboard */; };
		5D4E1CA71A11D9BC00C50D71 /* Level4Tests.m in Sources */ = {isa = PBXBuildFile; fileRef = 5D4E1CA61A11D9BC00C50D71 /* Level4Tests.m */; };
		5D4E1CAA1A11DA9600C50D71 /* BGKVLevel4PasswordViewController.m in Sources */ = {isa = PBXBuildFile; fileRef = 5D4E1CA91A11DA9600C50D71 /* BGKVLevel4PasswordViewController.m */; };
		5D8857DF1A1B1592002069D2 /* Level15Storyboard.storyboard in Resources */ = {isa = PBXBuildFile; fileRef = 5D8857DE1A1B1592002069D2 /* Level15Storyboard.storyboard */; };
		5D8857E21A1B15C7002069D2 /* BGKVLevel15PasswordViewController.m in Sources */ = {isa = PBXBuildFile; fileRef = 5D8857E11A1B15C7002069D2 /* BGKVLevel15PasswordViewController.m */; };
		5D908D2119F8BB7B0054DF2D /* (null) in Resources */ = {isa = PBXBuildFile; };
		5D908D2419F8CE300054DF2D /* BGKVMusicPlayer.m in Sources */ = {isa = PBXBuildFile; fileRef = 5D908D2319F8CE300054DF2D /* BGKVMusicPlayer.m */; };
		5DA172301A181A4E00E63BD0 /* Level9Storyboard.storyboard in Resources */ = {isa = PBXBuildFile; fileRef = 5DA1722F1A181A4E00E63BD0 /* Level9Storyboard.storyboard */; };
		5DA172371A181AA600E63BD0 /* BGKVLevel9PasswordViewController.m in Sources */ = {isa = PBXBuildFile; fileRef = 5DA172361A181AA600E63BD0 /* BGKVLevel9PasswordViewController.m */; };
		5DA172391A182C5000E63BD0 /* Level9Tests.m in Sources */ = {isa = PBXBuildFile; fileRef = 5DA172381A182C5000E63BD0 /* Level9Tests.m */; };
		5DA1723C1A1830E800E63BD0 /* Level10Storyboard.storyboard in Resources */ = {isa = PBXBuildFile; fileRef = 5DA1723B1A1830E800E63BD0 /* Level10Storyboard.storyboard */; };
		5DA1723F1A18310500E63BD0 /* BGKVLevel10PasswordViewController.m in Sources */ = {isa = PBXBuildFile; fileRef = 5DA1723E1A18310500E63BD0 /* BGKVLevel10PasswordViewController.m */; };
		5DA172411A1859DC00E63BD0 /* Level10Tests.m in Sources */ = {isa = PBXBuildFile; fileRef = 5DA172401A1859DC00E63BD0 /* Level10Tests.m */; };
		5DD50EC81A084C700049B512 /* MusicTests.m in Sources */ = {isa = PBXBuildFile; fileRef = 5DD50EC71A084C700049B512 /* MusicTests.m */; };
		9325FDF51A18C0A0008E91D6 /* Level7Storyboard.storyboard in Resources */ = {isa = PBXBuildFile; fileRef = 9325FDF41A18C0A0008E91D6 /* Level7Storyboard.storyboard */; };
		93A159E21A11EAA700118451 /* Level1Storyboard.storyboard in Resources */ = {isa = PBXBuildFile; fileRef = 93A159E11A11EAA700118451 /* Level1Storyboard.storyboard */; };
		93A159E51A11EB7200118451 /* BGKVLevel1PasswordViewController.m in Sources */ = {isa = PBXBuildFile; fileRef = 93A159E41A11EB7200118451 /* BGKVLevel1PasswordViewController.m */; };
		93A159E91A11EEE500118451 /* Level1Tests.m in Sources */ = {isa = PBXBuildFile; fileRef = 93A159E81A11EEE500118451 /* Level1Tests.m */; };
		93D23E111A19A8BB00C82071 /* Level8Storyboard.storyboard in Resources */ = {isa = PBXBuildFile; fileRef = 93D23E101A19A8BB00C82071 /* Level8Storyboard.storyboard */; };
		93D23E141A19AA8700C82071 /* BGKVLevel8PasswordViewController.m in Sources */ = {isa = PBXBuildFile; fileRef = 93D23E131A19AA8700C82071 /* BGKVLevel8PasswordViewController.m */; };
		93D23E161A19AC7A00C82071 /* Level8Tests.m in Resources */ = {isa = PBXBuildFile; fileRef = 93D23E151A19AC7A00C82071 /* Level8Tests.m */; };
		93D23E1A1A19CF2700C82071 /* Level13Storyboard.storyboard in Resources */ = {isa = PBXBuildFile; fileRef = 93D23E191A19CF2700C82071 /* Level13Storyboard.storyboard */; };
		93D23E1D1A19D5A400C82071 /* BGKVLevel13PasswordViewController.m in Sources */ = {isa = PBXBuildFile; fileRef = 93D23E1C1A19D5A400C82071 /* BGKVLevel13PasswordViewController.m */; };
		93D23E1F1A19D6AD00C82071 /* Level13Tests.m in Sources */ = {isa = PBXBuildFile; fileRef = 93D23E1E1A19D6AD00C82071 /* Level13Tests.m */; };
		93EED58F1A19952200F1B61B /* BGKVLevel7PasswordViewController.m in Sources */ = {isa = PBXBuildFile; fileRef = 93EED58E1A19952200F1B61B /* BGKVLevel7PasswordViewController.m */; };
		93EED5911A19A42000F1B61B /* Level7Tests.m in Sources */ = {isa = PBXBuildFile; fileRef = 93EED5901A19A42000F1B61B /* Level7Tests.m */; };
		93FF564B1A10672500017536 /* BGKVLevelSelectViewController.m in Sources */ = {isa = PBXBuildFile; fileRef = 93FF564A1A10672500017536 /* BGKVLevelSelectViewController.m */; };
		AC1C88501A186A2000CFA7B5 /* BGKVLevelContainer.m in Sources */ = {isa = PBXBuildFile; fileRef = AC1C884E1A186A2000CFA7B5 /* BGKVLevelContainer.m */; };
		AC1C88511A186A2000CFA7B5 /* BGKVLevelContainer.xib in Resources */ = {isa = PBXBuildFile; fileRef = AC1C884F1A186A2000CFA7B5 /* BGKVLevelContainer.xib */; };
		AC1C88541A186A3100CFA7B5 /* BGKVHintViewController.m in Sources */ = {isa = PBXBuildFile; fileRef = AC1C88531A186A3100CFA7B5 /* BGKVHintViewController.m */; };
		AC1C88571A186A3E00CFA7B5 /* BGKVLevelViewControllerCache.m in Sources */ = {isa = PBXBuildFile; fileRef = AC1C88561A186A3E00CFA7B5 /* BGKVLevelViewControllerCache.m */; };
		AC1C885C1A186A4E00CFA7B5 /* BGKVWithinLevelSegue.m in Sources */ = {isa = PBXBuildFile; fileRef = AC1C88591A186A4E00CFA7B5 /* BGKVWithinLevelSegue.m */; };
		AC1C885D1A186A4E00CFA7B5 /* BGKVExitLevelSegue.m in Sources */ = {isa = PBXBuildFile; fileRef = AC1C885B1A186A4E00CFA7B5 /* BGKVExitLevelSegue.m */; };
		AC1C88621A186A5900CFA7B5 /* UIBarButtonItem+Badge.m in Sources */ = {isa = PBXBuildFile; fileRef = AC1C885F1A186A5900CFA7B5 /* UIBarButtonItem+Badge.m */; };
		AC1C88631A186A5900CFA7B5 /* UIButton+Badge.m in Sources */ = {isa = PBXBuildFile; fileRef = AC1C88611A186A5900CFA7B5 /* UIButton+Badge.m */; };
		AC1C88661A186BDA00CFA7B5 /* LevelContainerTests.m in Sources */ = {isa = PBXBuildFile; fileRef = AC1C88651A186BDA00CFA7B5 /* LevelContainerTests.m */; };
		AC2B42B51A196FEA00DE86B0 /* BGKVLevel5PasswordViewController.m in Sources */ = {isa = PBXBuildFile; fileRef = AC2B42B41A196FEA00DE86B0 /* BGKVLevel5PasswordViewController.m */; };
		AC2B42B71A196FF200DE86B0 /* Level5Storyboard.storyboard in Resources */ = {isa = PBXBuildFile; fileRef = AC2B42B61A196FF200DE86B0 /* Level5Storyboard.storyboard */; };
		AC2B42B91A197EDD00DE86B0 /* Level5Tests.m in Sources */ = {isa = PBXBuildFile; fileRef = AC2B42B81A197EDD00DE86B0 /* Level5Tests.m */; };
		AC71826319F5F30D001EFA4B /* Foundation.framework in Frameworks */ = {isa = PBXBuildFile; fileRef = AC71826219F5F30D001EFA4B /* Foundation.framework */; };
		AC71826519F5F30D001EFA4B /* CoreGraphics.framework in Frameworks */ = {isa = PBXBuildFile; fileRef = AC71826419F5F30D001EFA4B /* CoreGraphics.framework */; };
		AC71826719F5F30D001EFA4B /* UIKit.framework in Frameworks */ = {isa = PBXBuildFile; fileRef = AC71826619F5F30D001EFA4B /* UIKit.framework */; };
		AC71826D19F5F30D001EFA4B /* InfoPlist.strings in Resources */ = {isa = PBXBuildFile; fileRef = AC71826B19F5F30D001EFA4B /* InfoPlist.strings */; };
		AC71826F19F5F30D001EFA4B /* main.m in Sources */ = {isa = PBXBuildFile; fileRef = AC71826E19F5F30D001EFA4B /* main.m */; };
		AC71827319F5F30D001EFA4B /* BGKVAppDelegate.m in Sources */ = {isa = PBXBuildFile; fileRef = AC71827219F5F30D001EFA4B /* BGKVAppDelegate.m */; };
		AC71827619F5F30D001EFA4B /* Main.storyboard in Resources */ = {isa = PBXBuildFile; fileRef = AC71827419F5F30D001EFA4B /* Main.storyboard */; };
		AC71827919F5F30D001EFA4B /* BGKVViewController.m in Sources */ = {isa = PBXBuildFile; fileRef = AC71827819F5F30D001EFA4B /* BGKVViewController.m */; };
		AC71827B19F5F30D001EFA4B /* Images.xcassets in Resources */ = {isa = PBXBuildFile; fileRef = AC71827A19F5F30D001EFA4B /* Images.xcassets */; };
		AC71828219F5F30D001EFA4B /* XCTest.framework in Frameworks */ = {isa = PBXBuildFile; fileRef = AC71828119F5F30D001EFA4B /* XCTest.framework */; };
		AC71828319F5F30D001EFA4B /* Foundation.framework in Frameworks */ = {isa = PBXBuildFile; fileRef = AC71826219F5F30D001EFA4B /* Foundation.framework */; };
		AC71828419F5F30D001EFA4B /* UIKit.framework in Frameworks */ = {isa = PBXBuildFile; fileRef = AC71826619F5F30D001EFA4B /* UIKit.framework */; };
		AC71828C19F5F30D001EFA4B /* InfoPlist.strings in Resources */ = {isa = PBXBuildFile; fileRef = AC71828A19F5F30D001EFA4B /* InfoPlist.strings */; };
		AC71828E19F5F30D001EFA4B /* Level2Tests.m in Sources */ = {isa = PBXBuildFile; fileRef = AC71828D19F5F30D001EFA4B /* Level2Tests.m */; };
		AC71829919F5FDE7001EFA4B /* BGKVLevelViewController.m in Sources */ = {isa = PBXBuildFile; fileRef = AC71829819F5FDE7001EFA4B /* BGKVLevelViewController.m */; };
		ACE3641519F75C550088346D /* RBStoryboardLink.m in Sources */ = {isa = PBXBuildFile; fileRef = ACE3640919F75C550088346D /* RBStoryboardLink.m */; };
		ACE3641619F75C550088346D /* RBStoryboardModalSegue.m in Sources */ = {isa = PBXBuildFile; fileRef = ACE3640C19F75C550088346D /* RBStoryboardModalSegue.m */; };
		ACE3641719F75C550088346D /* RBStoryboardPopoverSegue.m in Sources */ = {isa = PBXBuildFile; fileRef = ACE3640E19F75C550088346D /* RBStoryboardPopoverSegue.m */; };
		ACE3641819F75C550088346D /* RBStoryboardPushSegue.m in Sources */ = {isa = PBXBuildFile; fileRef = ACE3641019F75C550088346D /* RBStoryboardPushSegue.m */; };
		ACE3641919F75C550088346D /* RBStoryboardSegue.m in Sources */ = {isa = PBXBuildFile; fileRef = ACE3641219F75C550088346D /* RBStoryboardSegue.m */; };
		ACE3641A19F75C550088346D /* UIViewController+RBStoryboardLink.m in Sources */ = {isa = PBXBuildFile; fileRef = ACE3641419F75C550088346D /* UIViewController+RBStoryboardLink.m */; };
		ACE3641D19F75CBA0088346D /* Level2Storyboard.storyboard in Resources */ = {isa = PBXBuildFile; fileRef = ACE3641C19F75CBA0088346D /* Level2Storyboard.storyboard */; };
		ACE3641F19F75E9F0088346D /* RBStoryboardLICENSE in Resources */ = {isa = PBXBuildFile; fileRef = ACE3641E19F75E9F0088346D /* RBStoryboardLICENSE */; };
		ACE3642319F77C520088346D /* BGKVLevel2PasswordViewController.m in Sources */ = {isa = PBXBuildFile; fileRef = ACE3642219F77C520088346D /* BGKVLevel2PasswordViewController.m */; };
/* End PBXBuildFile section */

/* Begin PBXContainerItemProxy section */
		AC71828519F5F30D001EFA4B /* PBXContainerItemProxy */ = {
			isa = PBXContainerItemProxy;
			containerPortal = AC71825719F5F30D001EFA4B /* Project object */;
			proxyType = 1;
			remoteGlobalIDString = AC71825E19F5F30D001EFA4B;
			remoteInfo = SecurityGame;
		};
/* End PBXContainerItemProxy section */

/* Begin PBXFileReference section */
		0A0740E21A19A6B90087D770 /* BGKVLevel11PasswordViewController.h */ = {isa = PBXFileReference; fileEncoding = 4; lastKnownFileType = sourcecode.c.h; path = BGKVLevel11PasswordViewController.h; sourceTree = "<group>"; };
		0A0740E31A19A6B90087D770 /* BGKVLevel11PasswordViewController.m */ = {isa = PBXFileReference; fileEncoding = 4; lastKnownFileType = sourcecode.c.objc; path = BGKVLevel11PasswordViewController.m; sourceTree = "<group>"; };
		0A1D068C1A11B4D4005BB7BE /* Level3Tests.m */ = {isa = PBXFileReference; fileEncoding = 4; lastKnownFileType = sourcecode.c.objc; path = Level3Tests.m; sourceTree = "<group>"; };
		0A1D068F1A11DAB3005BB7BE /* Level6Storyboard.storyboard */ = {isa = PBXFileReference; fileEncoding = 4; lastKnownFileType = file.storyboard; path = Level6Storyboard.storyboard; sourceTree = "<group>"; };
		0A1D06911A11DAD1005BB7BE /* BGKVLevel6PasswordViewController.h */ = {isa = PBXFileReference; fileEncoding = 4; lastKnownFileType = sourcecode.c.h; path = BGKVLevel6PasswordViewController.h; sourceTree = "<group>"; };
		0A1D06931A11DAE2005BB7BE /* BGKVLevel6PasswordViewController.m */ = {isa = PBXFileReference; fileEncoding = 4; lastKnownFileType = sourcecode.c.objc; path = BGKVLevel6PasswordViewController.m; sourceTree = "<group>"; };
		0A1D06951A11DD0A005BB7BE /* Level6Tests.m */ = {isa = PBXFileReference; fileEncoding = 4; lastKnownFileType = sourcecode.c.objc; path = Level6Tests.m; sourceTree = "<group>"; };
		0A872EB71A2011AE003C6BE2 /* Level18Storyboard.storyboard */ = {isa = PBXFileReference; fileEncoding = 4; lastKnownFileType = file.storyboard; path = Level18Storyboard.storyboard; sourceTree = "<group>"; };
		0A872EB91A2011BC003C6BE2 /* BGKVLevel18PasswordViewController.h */ = {isa = PBXFileReference; fileEncoding = 4; lastKnownFileType = sourcecode.c.h; path = BGKVLevel18PasswordViewController.h; sourceTree = "<group>"; };
		0A872EBB1A2011D0003C6BE2 /* BGKVLevel18PasswordViewController.m */ = {isa = PBXFileReference; fileEncoding = 4; lastKnownFileType = sourcecode.c.objc; path = BGKVLevel18PasswordViewController.m; sourceTree = "<group>"; };
		0A8D738B1A19476300E35321 /* Level12Storyboard.storyboard */ = {isa = PBXFileReference; fileEncoding = 4; lastKnownFileType = file.storyboard; path = Level12Storyboard.storyboard; sourceTree = "<group>"; };
		0A8D738D1A19476E00E35321 /* BGKVLevel12PasswordViewController.h */ = {isa = PBXFileReference; fileEncoding = 4; lastKnownFileType = sourcecode.c.h; path = BGKVLevel12PasswordViewController.h; sourceTree = "<group>"; };
		0A8D738F1A19479C00E35321 /* BGKVLevel12PasswordViewController.m */ = {isa = PBXFileReference; fileEncoding = 4; lastKnownFileType = sourcecode.c.objc; path = BGKVLevel12PasswordViewController.m; sourceTree = "<group>"; };
		0A98371D1A0C32FB00013F08 /* TutorialLevelStoryboard.storyboard */ = {isa = PBXFileReference; fileEncoding = 4; lastKnownFileType = file.storyboard; path = TutorialLevelStoryboard.storyboard; sourceTree = "<group>"; };
		0AA3C7B71A0DE780000B0E7C /* Level3Storyboard.storyboard */ = {isa = PBXFileReference; fileEncoding = 4; lastKnownFileType = file.storyboard; path = Level3Storyboard.storyboard; sourceTree = "<group>"; };
		0AA3C7B91A0DE7B6000B0E7C /* BGKVLevel3PasswordViewController.h */ = {isa = PBXFileReference; fileEncoding = 4; lastKnownFileType = sourcecode.c.h; path = BGKVLevel3PasswordViewController.h; sourceTree = "<group>"; };
		0AA3C7BA1A0DE7B6000B0E7C /* BGKVLevel3PasswordViewController.m */ = {isa = PBXFileReference; fileEncoding = 4; lastKnownFileType = sourcecode.c.objc; path = BGKVLevel3PasswordViewController.m; sourceTree = "<group>"; };
		0AAF58CE1A199CB9005984BE /* Level11Storyboard.storyboard */ = {isa = PBXFileReference; fileEncoding = 4; lastKnownFileType = file.storyboard; path = Level11Storyboard.storyboard; sourceTree = "<group>"; };
		5D4E1C971A11B24900C50D71 /* BGKVLoadScreenViewController.h */ = {isa = PBXFileReference; fileEncoding = 4; lastKnownFileType = sourcecode.c.h; path = BGKVLoadScreenViewController.h; sourceTree = "<group>"; };
		5D4E1C981A11B24900C50D71 /* BGKVLoadScreenViewController.m */ = {isa = PBXFileReference; fileEncoding = 4; lastKnownFileType = sourcecode.c.objc; path = BGKVLoadScreenViewController.m; sourceTree = "<group>"; };
		5D4E1C9A1A11CE8300C50D71 /* BGKVMusicPlayer.h */ = {isa = PBXFileReference; fileEncoding = 4; lastKnownFileType = sourcecode.c.h; path = BGKVMusicPlayer.h; sourceTree = "<group>"; };
		5D4E1C9B1A11CE9900C50D71 /* spy_music.mp3 */ = {isa = PBXFileReference; lastKnownFileType = audio.mp3; path = spy_music.mp3; sourceTree = "<group>"; };
		5D4E1CA41A11D9A100C50D71 /* Level4Storyboard.storyboard */ = {isa = PBXFileReference; fileEncoding = 4; lastKnownFileType = file.storyboard; path = Level4Storyboard.storyboard; sourceTree = "<group>"; };
		5D4E1CA61A11D9BC00C50D71 /* Level4Tests.m */ = {isa = PBXFileReference; fileEncoding = 4; lastKnownFileType = sourcecode.c.objc; path = Level4Tests.m; sourceTree = "<group>"; };
		5D4E1CA81A11DA9500C50D71 /* BGKVLevel4PasswordViewController.h */ = {isa = PBXFileReference; fileEncoding = 4; lastKnownFileType = sourcecode.c.h; path = BGKVLevel4PasswordViewController.h; sourceTree = "<group>"; };
		5D4E1CA91A11DA9600C50D71 /* BGKVLevel4PasswordViewController.m */ = {isa = PBXFileReference; fileEncoding = 4; lastKnownFileType = sourcecode.c.objc; path = BGKVLevel4PasswordViewController.m; sourceTree = "<group>"; };
		5D8857DE1A1B1592002069D2 /* Level15Storyboard.storyboard */ = {isa = PBXFileReference; fileEncoding = 4; lastKnownFileType = file.storyboard; path = Level15Storyboard.storyboard; sourceTree = "<group>"; };
		5D8857E01A1B15C7002069D2 /* BGKVLevel15PasswordViewController.h */ = {isa = PBXFileReference; fileEncoding = 4; lastKnownFileType = sourcecode.c.h; path = BGKVLevel15PasswordViewController.h; sourceTree = "<group>"; };
		5D8857E11A1B15C7002069D2 /* BGKVLevel15PasswordViewController.m */ = {isa = PBXFileReference; fileEncoding = 4; lastKnownFileType = sourcecode.c.objc; path = BGKVLevel15PasswordViewController.m; sourceTree = "<group>"; };
		5D908D2319F8CE300054DF2D /* BGKVMusicPlayer.m */ = {isa = PBXFileReference; fileEncoding = 4; lastKnownFileType = sourcecode.c.objc; path = BGKVMusicPlayer.m; sourceTree = "<group>"; };
		5DA1722F1A181A4E00E63BD0 /* Level9Storyboard.storyboard */ = {isa = PBXFileReference; fileEncoding = 4; lastKnownFileType = file.storyboard; path = Level9Storyboard.storyboard; sourceTree = "<group>"; };
		5DA172351A181AA600E63BD0 /* BGKVLevel9PasswordViewController.h */ = {isa = PBXFileReference; fileEncoding = 4; lastKnownFileType = sourcecode.c.h; path = BGKVLevel9PasswordViewController.h; sourceTree = "<group>"; };
		5DA172361A181AA600E63BD0 /* BGKVLevel9PasswordViewController.m */ = {isa = PBXFileReference; fileEncoding = 4; lastKnownFileType = sourcecode.c.objc; path = BGKVLevel9PasswordViewController.m; sourceTree = "<group>"; };
		5DA172381A182C5000E63BD0 /* Level9Tests.m */ = {isa = PBXFileReference; fileEncoding = 4; lastKnownFileType = sourcecode.c.objc; path = Level9Tests.m; sourceTree = "<group>"; };
		5DA1723B1A1830E800E63BD0 /* Level10Storyboard.storyboard */ = {isa = PBXFileReference; fileEncoding = 4; lastKnownFileType = file.storyboard; path = Level10Storyboard.storyboard; sourceTree = "<group>"; };
		5DA1723D1A18310500E63BD0 /* BGKVLevel10PasswordViewController.h */ = {isa = PBXFileReference; fileEncoding = 4; lastKnownFileType = sourcecode.c.h; path = BGKVLevel10PasswordViewController.h; sourceTree = "<group>"; };
		5DA1723E1A18310500E63BD0 /* BGKVLevel10PasswordViewController.m */ = {isa = PBXFileReference; fileEncoding = 4; lastKnownFileType = sourcecode.c.objc; path = BGKVLevel10PasswordViewController.m; sourceTree = "<group>"; };
		5DA172401A1859DC00E63BD0 /* Level10Tests.m */ = {isa = PBXFileReference; fileEncoding = 4; lastKnownFileType = sourcecode.c.objc; path = Level10Tests.m; sourceTree = "<group>"; };
		5DD50EC71A084C700049B512 /* MusicTests.m */ = {isa = PBXFileReference; fileEncoding = 4; lastKnownFileType = sourcecode.c.objc; path = MusicTests.m; sourceTree = "<group>"; };
		9325FDF41A18C0A0008E91D6 /* Level7Storyboard.storyboard */ = {isa = PBXFileReference; fileEncoding = 4; lastKnownFileType = file.storyboard; path = Level7Storyboard.storyboard; sourceTree = "<group>"; };
		93A159E11A11EAA700118451 /* Level1Storyboard.storyboard */ = {isa = PBXFileReference; fileEncoding = 4; lastKnownFileType = file.storyboard; path = Level1Storyboard.storyboard; sourceTree = "<group>"; };
		93A159E31A11EB7200118451 /* BGKVLevel1PasswordViewController.h */ = {isa = PBXFileReference; fileEncoding = 4; lastKnownFileType = sourcecode.c.h; path = BGKVLevel1PasswordViewController.h; sourceTree = "<group>"; };
		93A159E41A11EB7200118451 /* BGKVLevel1PasswordViewController.m */ = {isa = PBXFileReference; fileEncoding = 4; lastKnownFileType = sourcecode.c.objc; path = BGKVLevel1PasswordViewController.m; sourceTree = "<group>"; };
		93A159E81A11EEE500118451 /* Level1Tests.m */ = {isa = PBXFileReference; fileEncoding = 4; lastKnownFileType = sourcecode.c.objc; path = Level1Tests.m; sourceTree = "<group>"; };
		93D23E101A19A8BB00C82071 /* Level8Storyboard.storyboard */ = {isa = PBXFileReference; fileEncoding = 4; lastKnownFileType = file.storyboard; path = Level8Storyboard.storyboard; sourceTree = "<group>"; };
		93D23E121A19AA8700C82071 /* BGKVLevel8PasswordViewController.h */ = {isa = PBXFileReference; fileEncoding = 4; lastKnownFileType = sourcecode.c.h; path = BGKVLevel8PasswordViewController.h; sourceTree = "<group>"; };
		93D23E131A19AA8700C82071 /* BGKVLevel8PasswordViewController.m */ = {isa = PBXFileReference; fileEncoding = 4; lastKnownFileType = sourcecode.c.objc; path = BGKVLevel8PasswordViewController.m; sourceTree = "<group>"; };
		93D23E151A19AC7A00C82071 /* Level8Tests.m */ = {isa = PBXFileReference; fileEncoding = 4; lastKnownFileType = sourcecode.c.objc; path = Level8Tests.m; sourceTree = "<group>"; };
		93D23E191A19CF2700C82071 /* Level13Storyboard.storyboard */ = {isa = PBXFileReference; fileEncoding = 4; lastKnownFileType = file.storyboard; path = Level13Storyboard.storyboard; sourceTree = "<group>"; };
		93D23E1B1A19D5A400C82071 /* BGKVLevel13PasswordViewController.h */ = {isa = PBXFileReference; fileEncoding = 4; lastKnownFileType = sourcecode.c.h; path = BGKVLevel13PasswordViewController.h; sourceTree = "<group>"; };
		93D23E1C1A19D5A400C82071 /* BGKVLevel13PasswordViewController.m */ = {isa = PBXFileReference; fileEncoding = 4; lastKnownFileType = sourcecode.c.objc; path = BGKVLevel13PasswordViewController.m; sourceTree = "<group>"; };
		93D23E1E1A19D6AD00C82071 /* Level13Tests.m */ = {isa = PBXFileReference; fileEncoding = 4; lastKnownFileType = sourcecode.c.objc; path = Level13Tests.m; sourceTree = "<group>"; };
		93EED58D1A19952200F1B61B /* BGKVLevel7PasswordViewController.h */ = {isa = PBXFileReference; fileEncoding = 4; lastKnownFileType = sourcecode.c.h; path = BGKVLevel7PasswordViewController.h; sourceTree = "<group>"; };
		93EED58E1A19952200F1B61B /* BGKVLevel7PasswordViewController.m */ = {isa = PBXFileReference; fileEncoding = 4; lastKnownFileType = sourcecode.c.objc; path = BGKVLevel7PasswordViewController.m; sourceTree = "<group>"; };
		93EED5901A19A42000F1B61B /* Level7Tests.m */ = {isa = PBXFileReference; fileEncoding = 4; lastKnownFileType = sourcecode.c.objc; path = Level7Tests.m; sourceTree = "<group>"; };
		93FF56491A10672500017536 /* BGKVLevelSelectViewController.h */ = {isa = PBXFileReference; fileEncoding = 4; lastKnownFileType = sourcecode.c.h; path = BGKVLevelSelectViewController.h; sourceTree = "<group>"; };
		93FF564A1A10672500017536 /* BGKVLevelSelectViewController.m */ = {isa = PBXFileReference; fileEncoding = 4; lastKnownFileType = sourcecode.c.objc; path = BGKVLevelSelectViewController.m; sourceTree = "<group>"; };
		AC1C884D1A186A2000CFA7B5 /* BGKVLevelContainer.h */ = {isa = PBXFileReference; fileEncoding = 4; lastKnownFileType = sourcecode.c.h; path = BGKVLevelContainer.h; sourceTree = "<group>"; };
		AC1C884E1A186A2000CFA7B5 /* BGKVLevelContainer.m */ = {isa = PBXFileReference; fileEncoding = 4; lastKnownFileType = sourcecode.c.objc; path = BGKVLevelContainer.m; sourceTree = "<group>"; };
		AC1C884F1A186A2000CFA7B5 /* BGKVLevelContainer.xib */ = {isa = PBXFileReference; fileEncoding = 4; lastKnownFileType = file.xib; path = BGKVLevelContainer.xib; sourceTree = "<group>"; };
		AC1C88521A186A3100CFA7B5 /* BGKVHintViewController.h */ = {isa = PBXFileReference; fileEncoding = 4; lastKnownFileType = sourcecode.c.h; path = BGKVHintViewController.h; sourceTree = "<group>"; };
		AC1C88531A186A3100CFA7B5 /* BGKVHintViewController.m */ = {isa = PBXFileReference; fileEncoding = 4; lastKnownFileType = sourcecode.c.objc; path = BGKVHintViewController.m; sourceTree = "<group>"; };
		AC1C88551A186A3E00CFA7B5 /* BGKVLevelViewControllerCache.h */ = {isa = PBXFileReference; fileEncoding = 4; lastKnownFileType = sourcecode.c.h; path = BGKVLevelViewControllerCache.h; sourceTree = "<group>"; };
		AC1C88561A186A3E00CFA7B5 /* BGKVLevelViewControllerCache.m */ = {isa = PBXFileReference; fileEncoding = 4; lastKnownFileType = sourcecode.c.objc; path = BGKVLevelViewControllerCache.m; sourceTree = "<group>"; };
		AC1C88581A186A4E00CFA7B5 /* BGKVWithinLevelSegue.h */ = {isa = PBXFileReference; fileEncoding = 4; lastKnownFileType = sourcecode.c.h; path = BGKVWithinLevelSegue.h; sourceTree = "<group>"; };
		AC1C88591A186A4E00CFA7B5 /* BGKVWithinLevelSegue.m */ = {isa = PBXFileReference; fileEncoding = 4; lastKnownFileType = sourcecode.c.objc; path = BGKVWithinLevelSegue.m; sourceTree = "<group>"; };
		AC1C885A1A186A4E00CFA7B5 /* BGKVExitLevelSegue.h */ = {isa = PBXFileReference; fileEncoding = 4; lastKnownFileType = sourcecode.c.h; path = BGKVExitLevelSegue.h; sourceTree = "<group>"; };
		AC1C885B1A186A4E00CFA7B5 /* BGKVExitLevelSegue.m */ = {isa = PBXFileReference; fileEncoding = 4; lastKnownFileType = sourcecode.c.objc; path = BGKVExitLevelSegue.m; sourceTree = "<group>"; };
		AC1C885E1A186A5900CFA7B5 /* UIBarButtonItem+Badge.h */ = {isa = PBXFileReference; fileEncoding = 4; lastKnownFileType = sourcecode.c.h; path = "UIBarButtonItem+Badge.h"; sourceTree = "<group>"; };
		AC1C885F1A186A5900CFA7B5 /* UIBarButtonItem+Badge.m */ = {isa = PBXFileReference; fileEncoding = 4; lastKnownFileType = sourcecode.c.objc; path = "UIBarButtonItem+Badge.m"; sourceTree = "<group>"; };
		AC1C88601A186A5900CFA7B5 /* UIButton+Badge.h */ = {isa = PBXFileReference; fileEncoding = 4; lastKnownFileType = sourcecode.c.h; path = "UIButton+Badge.h"; sourceTree = "<group>"; };
		AC1C88611A186A5900CFA7B5 /* UIButton+Badge.m */ = {isa = PBXFileReference; fileEncoding = 4; lastKnownFileType = sourcecode.c.objc; path = "UIButton+Badge.m"; sourceTree = "<group>"; };
		AC1C88651A186BDA00CFA7B5 /* LevelContainerTests.m */ = {isa = PBXFileReference; fileEncoding = 4; lastKnownFileType = sourcecode.c.objc; path = LevelContainerTests.m; sourceTree = "<group>"; };
		AC2B42B31A196FEA00DE86B0 /* BGKVLevel5PasswordViewController.h */ = {isa = PBXFileReference; fileEncoding = 4; lastKnownFileType = sourcecode.c.h; path = BGKVLevel5PasswordViewController.h; sourceTree = "<group>"; };
		AC2B42B41A196FEA00DE86B0 /* BGKVLevel5PasswordViewController.m */ = {isa = PBXFileReference; fileEncoding = 4; lastKnownFileType = sourcecode.c.objc; path = BGKVLevel5PasswordViewController.m; sourceTree = "<group>"; };
		AC2B42B61A196FF200DE86B0 /* Level5Storyboard.storyboard */ = {isa = PBXFileReference; fileEncoding = 4; lastKnownFileType = file.storyboard; path = Level5Storyboard.storyboard; sourceTree = "<group>"; };
		AC2B42B81A197EDD00DE86B0 /* Level5Tests.m */ = {isa = PBXFileReference; fileEncoding = 4; lastKnownFileType = sourcecode.c.objc; path = Level5Tests.m; sourceTree = "<group>"; };
		AC71825F19F5F30D001EFA4B /* SecurityGame.app */ = {isa = PBXFileReference; explicitFileType = wrapper.application; includeInIndex = 0; path = SecurityGame.app; sourceTree = BUILT_PRODUCTS_DIR; };
		AC71826219F5F30D001EFA4B /* Foundation.framework */ = {isa = PBXFileReference; lastKnownFileType = wrapper.framework; name = Foundation.framework; path = System/Library/Frameworks/Foundation.framework; sourceTree = SDKROOT; };
		AC71826419F5F30D001EFA4B /* CoreGraphics.framework */ = {isa = PBXFileReference; lastKnownFileType = wrapper.framework; name = CoreGraphics.framework; path = System/Library/Frameworks/CoreGraphics.framework; sourceTree = SDKROOT; };
		AC71826619F5F30D001EFA4B /* UIKit.framework */ = {isa = PBXFileReference; lastKnownFileType = wrapper.framework; name = UIKit.framework; path = System/Library/Frameworks/UIKit.framework; sourceTree = SDKROOT; };
		AC71826A19F5F30D001EFA4B /* SecurityGame-Info.plist */ = {isa = PBXFileReference; lastKnownFileType = text.plist.xml; path = "SecurityGame-Info.plist"; sourceTree = "<group>"; };
		AC71826C19F5F30D001EFA4B /* en */ = {isa = PBXFileReference; lastKnownFileType = text.plist.strings; name = en; path = en.lproj/InfoPlist.strings; sourceTree = "<group>"; };
		AC71826E19F5F30D001EFA4B /* main.m */ = {isa = PBXFileReference; lastKnownFileType = sourcecode.c.objc; path = main.m; sourceTree = "<group>"; };
		AC71827019F5F30D001EFA4B /* SecurityGame-Prefix.pch */ = {isa = PBXFileReference; lastKnownFileType = sourcecode.c.h; path = "SecurityGame-Prefix.pch"; sourceTree = "<group>"; };
		AC71827119F5F30D001EFA4B /* BGKVAppDelegate.h */ = {isa = PBXFileReference; lastKnownFileType = sourcecode.c.h; path = BGKVAppDelegate.h; sourceTree = "<group>"; };
		AC71827219F5F30D001EFA4B /* BGKVAppDelegate.m */ = {isa = PBXFileReference; lastKnownFileType = sourcecode.c.objc; path = BGKVAppDelegate.m; sourceTree = "<group>"; };
		AC71827519F5F30D001EFA4B /* Base */ = {isa = PBXFileReference; lastKnownFileType = file.storyboard; name = Base; path = Base.lproj/Main.storyboard; sourceTree = "<group>"; };
		AC71827719F5F30D001EFA4B /* BGKVViewController.h */ = {isa = PBXFileReference; lastKnownFileType = sourcecode.c.h; path = BGKVViewController.h; sourceTree = "<group>"; };
		AC71827819F5F30D001EFA4B /* BGKVViewController.m */ = {isa = PBXFileReference; lastKnownFileType = sourcecode.c.objc; path = BGKVViewController.m; sourceTree = "<group>"; };
		AC71827A19F5F30D001EFA4B /* Images.xcassets */ = {isa = PBXFileReference; lastKnownFileType = folder.assetcatalog; path = Images.xcassets; sourceTree = "<group>"; };
		AC71828019F5F30D001EFA4B /* SecurityGameTests.xctest */ = {isa = PBXFileReference; explicitFileType = wrapper.cfbundle; includeInIndex = 0; path = SecurityGameTests.xctest; sourceTree = BUILT_PRODUCTS_DIR; };
		AC71828119F5F30D001EFA4B /* XCTest.framework */ = {isa = PBXFileReference; lastKnownFileType = wrapper.framework; name = XCTest.framework; path = Library/Frameworks/XCTest.framework; sourceTree = DEVELOPER_DIR; };
		AC71828919F5F30D001EFA4B /* SecurityGameTests-Info.plist */ = {isa = PBXFileReference; lastKnownFileType = text.plist.xml; path = "SecurityGameTests-Info.plist"; sourceTree = "<group>"; };
		AC71828B19F5F30D001EFA4B /* en */ = {isa = PBXFileReference; lastKnownFileType = text.plist.strings; name = en; path = en.lproj/InfoPlist.strings; sourceTree = "<group>"; };
		AC71828D19F5F30D001EFA4B /* Level2Tests.m */ = {isa = PBXFileReference; lastKnownFileType = sourcecode.c.objc; path = Level2Tests.m; sourceTree = "<group>"; };
		AC71829719F5FDE7001EFA4B /* BGKVLevelViewController.h */ = {isa = PBXFileReference; fileEncoding = 4; lastKnownFileType = sourcecode.c.h; path = BGKVLevelViewController.h; sourceTree = "<group>"; };
		AC71829819F5FDE7001EFA4B /* BGKVLevelViewController.m */ = {isa = PBXFileReference; fileEncoding = 4; lastKnownFileType = sourcecode.c.objc; path = BGKVLevelViewController.m; sourceTree = "<group>"; };
		ACE3640819F75C550088346D /* RBStoryboardLink.h */ = {isa = PBXFileReference; fileEncoding = 4; lastKnownFileType = sourcecode.c.h; path = RBStoryboardLink.h; sourceTree = "<group>"; };
		ACE3640919F75C550088346D /* RBStoryboardLink.m */ = {isa = PBXFileReference; fileEncoding = 4; lastKnownFileType = sourcecode.c.objc; path = RBStoryboardLink.m; sourceTree = "<group>"; };
		ACE3640A19F75C550088346D /* RBStoryboardLinkSource.h */ = {isa = PBXFileReference; fileEncoding = 4; lastKnownFileType = sourcecode.c.h; path = RBStoryboardLinkSource.h; sourceTree = "<group>"; };
		ACE3640B19F75C550088346D /* RBStoryboardModalSegue.h */ = {isa = PBXFileReference; fileEncoding = 4; lastKnownFileType = sourcecode.c.h; path = RBStoryboardModalSegue.h; sourceTree = "<group>"; };
		ACE3640C19F75C550088346D /* RBStoryboardModalSegue.m */ = {isa = PBXFileReference; fileEncoding = 4; lastKnownFileType = sourcecode.c.objc; path = RBStoryboardModalSegue.m; sourceTree = "<group>"; };
		ACE3640D19F75C550088346D /* RBStoryboardPopoverSegue.h */ = {isa = PBXFileReference; fileEncoding = 4; lastKnownFileType = sourcecode.c.h; path = RBStoryboardPopoverSegue.h; sourceTree = "<group>"; };
		ACE3640E19F75C550088346D /* RBStoryboardPopoverSegue.m */ = {isa = PBXFileReference; fileEncoding = 4; lastKnownFileType = sourcecode.c.objc; path = RBStoryboardPopoverSegue.m; sourceTree = "<group>"; };
		ACE3640F19F75C550088346D /* RBStoryboardPushSegue.h */ = {isa = PBXFileReference; fileEncoding = 4; lastKnownFileType = sourcecode.c.h; path = RBStoryboardPushSegue.h; sourceTree = "<group>"; };
		ACE3641019F75C550088346D /* RBStoryboardPushSegue.m */ = {isa = PBXFileReference; fileEncoding = 4; lastKnownFileType = sourcecode.c.objc; path = RBStoryboardPushSegue.m; sourceTree = "<group>"; };
		ACE3641119F75C550088346D /* RBStoryboardSegue.h */ = {isa = PBXFileReference; fileEncoding = 4; lastKnownFileType = sourcecode.c.h; path = RBStoryboardSegue.h; sourceTree = "<group>"; };
		ACE3641219F75C550088346D /* RBStoryboardSegue.m */ = {isa = PBXFileReference; fileEncoding = 4; lastKnownFileType = sourcecode.c.objc; path = RBStoryboardSegue.m; sourceTree = "<group>"; };
		ACE3641319F75C550088346D /* UIViewController+RBStoryboardLink.h */ = {isa = PBXFileReference; fileEncoding = 4; lastKnownFileType = sourcecode.c.h; path = "UIViewController+RBStoryboardLink.h"; sourceTree = "<group>"; };
		ACE3641419F75C550088346D /* UIViewController+RBStoryboardLink.m */ = {isa = PBXFileReference; fileEncoding = 4; lastKnownFileType = sourcecode.c.objc; path = "UIViewController+RBStoryboardLink.m"; sourceTree = "<group>"; };
		ACE3641C19F75CBA0088346D /* Level2Storyboard.storyboard */ = {isa = PBXFileReference; fileEncoding = 4; lastKnownFileType = file.storyboard; path = Level2Storyboard.storyboard; sourceTree = "<group>"; };
		ACE3641E19F75E9F0088346D /* RBStoryboardLICENSE */ = {isa = PBXFileReference; fileEncoding = 4; lastKnownFileType = text; path = RBStoryboardLICENSE; sourceTree = "<group>"; };
		ACE3642119F77C520088346D /* BGKVLevel2PasswordViewController.h */ = {isa = PBXFileReference; fileEncoding = 4; lastKnownFileType = sourcecode.c.h; path = BGKVLevel2PasswordViewController.h; sourceTree = "<group>"; };
		ACE3642219F77C520088346D /* BGKVLevel2PasswordViewController.m */ = {isa = PBXFileReference; fileEncoding = 4; lastKnownFileType = sourcecode.c.objc; path = BGKVLevel2PasswordViewController.m; sourceTree = "<group>"; };
/* End PBXFileReference section */

/* Begin PBXFrameworksBuildPhase section */
		AC71825C19F5F30D001EFA4B /* Frameworks */ = {
			isa = PBXFrameworksBuildPhase;
			buildActionMask = 2147483647;
			files = (
				AC71826519F5F30D001EFA4B /* CoreGraphics.framework in Frameworks */,
				AC71826719F5F30D001EFA4B /* UIKit.framework in Frameworks */,
				AC71826319F5F30D001EFA4B /* Foundation.framework in Frameworks */,
			);
			runOnlyForDeploymentPostprocessing = 0;
		};
		AC71827D19F5F30D001EFA4B /* Frameworks */ = {
			isa = PBXFrameworksBuildPhase;
			buildActionMask = 2147483647;
			files = (
				AC71828219F5F30D001EFA4B /* XCTest.framework in Frameworks */,
				AC71828419F5F30D001EFA4B /* UIKit.framework in Frameworks */,
				AC71828319F5F30D001EFA4B /* Foundation.framework in Frameworks */,
			);
			runOnlyForDeploymentPostprocessing = 0;
		};
/* End PBXFrameworksBuildPhase section */

/* Begin PBXGroup section */
		0A1D068E1A11DA8E005BB7BE /* Level6 */ = {
			isa = PBXGroup;
			children = (
				0A1D06931A11DAE2005BB7BE /* BGKVLevel6PasswordViewController.m */,
				0A1D06911A11DAD1005BB7BE /* BGKVLevel6PasswordViewController.h */,
				0A1D068F1A11DAB3005BB7BE /* Level6Storyboard.storyboard */,
			);
			name = Level6;
			sourceTree = "<group>";
		};
		0A872EB61A20116B003C6BE2 /* Level18 */ = {
			isa = PBXGroup;
			children = (
				0A872EBB1A2011D0003C6BE2 /* BGKVLevel18PasswordViewController.m */,
				0A872EB91A2011BC003C6BE2 /* BGKVLevel18PasswordViewController.h */,
				0A872EB71A2011AE003C6BE2 /* Level18Storyboard.storyboard */,
			);
			name = Level18;
			sourceTree = "<group>";
		};
		0A8D738A1A19474500E35321 /* Level12 */ = {
			isa = PBXGroup;
			children = (
				0A8D738F1A19479C00E35321 /* BGKVLevel12PasswordViewController.m */,
				0A8D738D1A19476E00E35321 /* BGKVLevel12PasswordViewController.h */,
				0A8D738B1A19476300E35321 /* Level12Storyboard.storyboard */,
			);
			name = Level12;
			sourceTree = "<group>";
		};
		0A98371C1A0C32DB00013F08 /* TutorialLevel */ = {
			isa = PBXGroup;
			children = (
				0A98371D1A0C32FB00013F08 /* TutorialLevelStoryboard.storyboard */,
			);
			name = TutorialLevel;
			sourceTree = "<group>";
		};
		0AA3C7B61A0DE763000B0E7C /* Level3 */ = {
			isa = PBXGroup;
			children = (
				0AA3C7B71A0DE780000B0E7C /* Level3Storyboard.storyboard */,
				0AA3C7B91A0DE7B6000B0E7C /* BGKVLevel3PasswordViewController.h */,
				0AA3C7BA1A0DE7B6000B0E7C /* BGKVLevel3PasswordViewController.m */,
			);
			name = Level3;
			sourceTree = "<group>";
		};
		0AAF58CA1A199BE0005984BE /* Level11 */ = {
			isa = PBXGroup;
			children = (
				0A0740E21A19A6B90087D770 /* BGKVLevel11PasswordViewController.h */,
				0A0740E31A19A6B90087D770 /* BGKVLevel11PasswordViewController.m */,
				0AAF58CE1A199CB9005984BE /* Level11Storyboard.storyboard */,
			);
			name = Level11;
			sourceTree = "<group>";
		};
		5D4E1CA31A11D99100C50D71 /* Level4 */ = {
			isa = PBXGroup;
			children = (
				5D4E1CA41A11D9A100C50D71 /* Level4Storyboard.storyboard */,
				5D4E1CA81A11DA9500C50D71 /* BGKVLevel4PasswordViewController.h */,
				5D4E1CA91A11DA9600C50D71 /* BGKVLevel4PasswordViewController.m */,
			);
			name = Level4;
			sourceTree = "<group>";
		};
		5D8857DD1A1B1580002069D2 /* Level15 */ = {
			isa = PBXGroup;
			children = (
				5D8857DE1A1B1592002069D2 /* Level15Storyboard.storyboard */,
				5D8857E01A1B15C7002069D2 /* BGKVLevel15PasswordViewController.h */,
				5D8857E11A1B15C7002069D2 /* BGKVLevel15PasswordViewController.m */,
			);
			name = Level15;
			sourceTree = "<group>";
		};
		5DA1722E1A181A2800E63BD0 /* Level9 */ = {
			isa = PBXGroup;
			children = (
				5DA1722F1A181A4E00E63BD0 /* Level9Storyboard.storyboard */,
				5DA172351A181AA600E63BD0 /* BGKVLevel9PasswordViewController.h */,
				5DA172361A181AA600E63BD0 /* BGKVLevel9PasswordViewController.m */,
			);
			name = Level9;
			sourceTree = "<group>";
		};
		5DA1723A1A1830CD00E63BD0 /* Level10 */ = {
			isa = PBXGroup;
			children = (
				5DA1723B1A1830E800E63BD0 /* Level10Storyboard.storyboard */,
				5DA1723D1A18310500E63BD0 /* BGKVLevel10PasswordViewController.h */,
				5DA1723E1A18310500E63BD0 /* BGKVLevel10PasswordViewController.m */,
			);
			name = Level10;
			sourceTree = "<group>";
		};
		93A159E01A11EA9000118451 /* Level1 */ = {
			isa = PBXGroup;
			children = (
				93A159E11A11EAA700118451 /* Level1Storyboard.storyboard */,
				93A159E31A11EB7200118451 /* BGKVLevel1PasswordViewController.h */,
				93A159E41A11EB7200118451 /* BGKVLevel1PasswordViewController.m */,
			);
			name = Level1;
			sourceTree = "<group>";
		};
		93C9AF351A18C02400E01C18 /* Level7 */ = {
			isa = PBXGroup;
			children = (
				9325FDF41A18C0A0008E91D6 /* Level7Storyboard.storyboard */,
				93EED58D1A19952200F1B61B /* BGKVLevel7PasswordViewController.h */,
				93EED58E1A19952200F1B61B /* BGKVLevel7PasswordViewController.m */,
			);
			name = Level7;
			sourceTree = "<group>";
		};
		93D23E0F1A19A79600C82071 /* Level8 */ = {
			isa = PBXGroup;
			children = (
				93D23E101A19A8BB00C82071 /* Level8Storyboard.storyboard */,
				93D23E121A19AA8700C82071 /* BGKVLevel8PasswordViewController.h */,
				93D23E131A19AA8700C82071 /* BGKVLevel8PasswordViewController.m */,
			);
			name = Level8;
			sourceTree = "<group>";
		};
		93D23E181A19CE6200C82071 /* Level13 */ = {
			isa = PBXGroup;
			children = (
				93D23E191A19CF2700C82071 /* Level13Storyboard.storyboard */,
				93D23E1B1A19D5A400C82071 /* BGKVLevel13PasswordViewController.h */,
				93D23E1C1A19D5A400C82071 /* BGKVLevel13PasswordViewController.m */,
			);
			name = Level13;
			sourceTree = "<group>";
		};
		AC1C88471A1869E100CFA7B5 /* LevelContainer */ = {
			isa = PBXGroup;
			children = (
				AC1C884C1A186A0800CFA7B5 /* Badges */,
				AC1C884B1A186A0000CFA7B5 /* Hints */,
				AC1C884A1A1869F200CFA7B5 /* Segues */,
				AC1C88491A1869EB00CFA7B5 /* Cache */,
				AC1C88481A1869E400CFA7B5 /* Container */,
			);
			name = LevelContainer;
			sourceTree = "<group>";
		};
		AC1C88481A1869E400CFA7B5 /* Container */ = {
			isa = PBXGroup;
			children = (
				AC1C884D1A186A2000CFA7B5 /* BGKVLevelContainer.h */,
				AC1C884E1A186A2000CFA7B5 /* BGKVLevelContainer.m */,
				AC1C884F1A186A2000CFA7B5 /* BGKVLevelContainer.xib */,
			);
			name = Container;
			sourceTree = "<group>";
		};
		AC1C88491A1869EB00CFA7B5 /* Cache */ = {
			isa = PBXGroup;
			children = (
				AC1C88551A186A3E00CFA7B5 /* BGKVLevelViewControllerCache.h */,
				AC1C88561A186A3E00CFA7B5 /* BGKVLevelViewControllerCache.m */,
			);
			name = Cache;
			sourceTree = "<group>";
		};
		AC1C884A1A1869F200CFA7B5 /* Segues */ = {
			isa = PBXGroup;
			children = (
				AC1C88581A186A4E00CFA7B5 /* BGKVWithinLevelSegue.h */,
				AC1C88591A186A4E00CFA7B5 /* BGKVWithinLevelSegue.m */,
				AC1C885A1A186A4E00CFA7B5 /* BGKVExitLevelSegue.h */,
				AC1C885B1A186A4E00CFA7B5 /* BGKVExitLevelSegue.m */,
			);
			name = Segues;
			sourceTree = "<group>";
		};
		AC1C884B1A186A0000CFA7B5 /* Hints */ = {
			isa = PBXGroup;
			children = (
				AC1C88521A186A3100CFA7B5 /* BGKVHintViewController.h */,
				AC1C88531A186A3100CFA7B5 /* BGKVHintViewController.m */,
			);
			name = Hints;
			sourceTree = "<group>";
		};
		AC1C884C1A186A0800CFA7B5 /* Badges */ = {
			isa = PBXGroup;
			children = (
				AC1C885E1A186A5900CFA7B5 /* UIBarButtonItem+Badge.h */,
				AC1C885F1A186A5900CFA7B5 /* UIBarButtonItem+Badge.m */,
				AC1C88601A186A5900CFA7B5 /* UIButton+Badge.h */,
				AC1C88611A186A5900CFA7B5 /* UIButton+Badge.m */,
			);
			name = Badges;
			sourceTree = "<group>";
		};
		AC2B42B21A196F5A00DE86B0 /* Level5 */ = {
			isa = PBXGroup;
			children = (
				AC2B42B61A196FF200DE86B0 /* Level5Storyboard.storyboard */,
				AC2B42B31A196FEA00DE86B0 /* BGKVLevel5PasswordViewController.h */,
				AC2B42B41A196FEA00DE86B0 /* BGKVLevel5PasswordViewController.m */,
			);
			name = Level5;
			sourceTree = "<group>";
		};
		AC68BD071A2C20E90030A504 /* Level16 */ = {
			isa = PBXGroup;
			children = (
			);
			name = Level16;
			sourceTree = "<group>";
		};
		AC71825619F5F30D001EFA4B = {
			isa = PBXGroup;
			children = (
				AC71826819F5F30D001EFA4B /* SecurityGame */,
				AC71828719F5F30D001EFA4B /* SecurityGameTests */,
				AC71826119F5F30D001EFA4B /* Frameworks */,
				AC71826019F5F30D001EFA4B /* Products */,
			);
			sourceTree = "<group>";
		};
		AC71826019F5F30D001EFA4B /* Products */ = {
			isa = PBXGroup;
			children = (
				AC71825F19F5F30D001EFA4B /* SecurityGame.app */,
				AC71828019F5F30D001EFA4B /* SecurityGameTests.xctest */,
			);
			name = Products;
			sourceTree = "<group>";
		};
		AC71826119F5F30D001EFA4B /* Frameworks */ = {
			isa = PBXGroup;
			children = (
				AC71826219F5F30D001EFA4B /* Foundation.framework */,
				AC71826419F5F30D001EFA4B /* CoreGraphics.framework */,
				AC71826619F5F30D001EFA4B /* UIKit.framework */,
				AC71828119F5F30D001EFA4B /* XCTest.framework */,
			);
			name = Frameworks;
			sourceTree = "<group>";
		};
		AC71826819F5F30D001EFA4B /* SecurityGame */ = {
			isa = PBXGroup;
			children = (
				AC1C88471A1869E100CFA7B5 /* LevelContainer */,
				ACE3642019F75EB10088346D /* Main */,
				0A98371C1A0C32DB00013F08 /* TutorialLevel */,
				93A159E01A11EA9000118451 /* Level1 */,
				ACE3641B19F75C9C0088346D /* Level2 */,
				0AA3C7B61A0DE763000B0E7C /* Level3 */,
				5D4E1CA31A11D99100C50D71 /* Level4 */,
				AC2B42B21A196F5A00DE86B0 /* Level5 */,
				0A1D068E1A11DA8E005BB7BE /* Level6 */,
				93C9AF351A18C02400E01C18 /* Level7 */,
				93D23E0F1A19A79600C82071 /* Level8 */,
				5DA1722E1A181A2800E63BD0 /* Level9 */,
				5DA1723A1A1830CD00E63BD0 /* Level10 */,
				0AAF58CA1A199BE0005984BE /* Level11 */,
				0A8D738A1A19474500E35321 /* Level12 */,
				93D23E181A19CE6200C82071 /* Level13 */,
				5D8857DD1A1B1580002069D2 /* Level15 */,
				AC68BD071A2C20E90030A504 /* Level16 */,
				0A872EB61A20116B003C6BE2 /* Level18 */,
				ACE3640719F75C550088346D /* RBStoryboardClasses */,
				AC71827A19F5F30D001EFA4B /* Images.xcassets */,
				AC71826919F5F30D001EFA4B /* Supporting Files */,
			);
			path = SecurityGame;
			sourceTree = "<group>";
		};
		AC71826919F5F30D001EFA4B /* Supporting Files */ = {
			isa = PBXGroup;
			children = (
				5D4E1C9B1A11CE9900C50D71 /* spy_music.mp3 */,
				AC71826A19F5F30D001EFA4B /* SecurityGame-Info.plist */,
				AC71826B19F5F30D001EFA4B /* InfoPlist.strings */,
				AC71826E19F5F30D001EFA4B /* main.m */,
				AC71827019F5F30D001EFA4B /* SecurityGame-Prefix.pch */,
			);
			name = "Supporting Files";
			sourceTree = "<group>";
		};
		AC71828719F5F30D001EFA4B /* SecurityGameTests */ = {
			isa = PBXGroup;
			children = (
				93EED5901A19A42000F1B61B /* Level7Tests.m */,
				AC1C88651A186BDA00CFA7B5 /* LevelContainerTests.m */,
				5DA172401A1859DC00E63BD0 /* Level10Tests.m */,
				5DA172381A182C5000E63BD0 /* Level9Tests.m */,
				93D23E151A19AC7A00C82071 /* Level8Tests.m */,
				0A1D06951A11DD0A005BB7BE /* Level6Tests.m */,
				AC2B42B81A197EDD00DE86B0 /* Level5Tests.m */,
				5D4E1CA61A11D9BC00C50D71 /* Level4Tests.m */,
				0A1D068C1A11B4D4005BB7BE /* Level3Tests.m */,
				AC71828D19F5F30D001EFA4B /* Level2Tests.m */,
				93A159E81A11EEE500118451 /* Level1Tests.m */,
				5DD50EC71A084C700049B512 /* MusicTests.m */,
				93D23E1E1A19D6AD00C82071 /* Level13Tests.m */,
				AC71828819F5F30D001EFA4B /* Supporting Files */,
			);
			path = SecurityGameTests;
			sourceTree = "<group>";
		};
		AC71828819F5F30D001EFA4B /* Supporting Files */ = {
			isa = PBXGroup;
			children = (
				AC71828919F5F30D001EFA4B /* SecurityGameTests-Info.plist */,
				AC71828A19F5F30D001EFA4B /* InfoPlist.strings */,
			);
			name = "Supporting Files";
			sourceTree = "<group>";
		};
		ACE3640719F75C550088346D /* RBStoryboardClasses */ = {
			isa = PBXGroup;
			children = (
				ACE3641E19F75E9F0088346D /* RBStoryboardLICENSE */,
				ACE3640819F75C550088346D /* RBStoryboardLink.h */,
				ACE3640919F75C550088346D /* RBStoryboardLink.m */,
				ACE3640A19F75C550088346D /* RBStoryboardLinkSource.h */,
				ACE3640B19F75C550088346D /* RBStoryboardModalSegue.h */,
				ACE3640C19F75C550088346D /* RBStoryboardModalSegue.m */,
				ACE3640D19F75C550088346D /* RBStoryboardPopoverSegue.h */,
				ACE3640E19F75C550088346D /* RBStoryboardPopoverSegue.m */,
				ACE3640F19F75C550088346D /* RBStoryboardPushSegue.h */,
				ACE3641019F75C550088346D /* RBStoryboardPushSegue.m */,
				ACE3641119F75C550088346D /* RBStoryboardSegue.h */,
				ACE3641219F75C550088346D /* RBStoryboardSegue.m */,
				ACE3641319F75C550088346D /* UIViewController+RBStoryboardLink.h */,
				ACE3641419F75C550088346D /* UIViewController+RBStoryboardLink.m */,
			);
			name = RBStoryboardClasses;
			path = Classes;
			sourceTree = "<group>";
		};
		ACE3641B19F75C9C0088346D /* Level2 */ = {
			isa = PBXGroup;
			children = (
				ACE3641C19F75CBA0088346D /* Level2Storyboard.storyboard */,
				ACE3642119F77C520088346D /* BGKVLevel2PasswordViewController.h */,
				ACE3642219F77C520088346D /* BGKVLevel2PasswordViewController.m */,
			);
			name = Level2;
			sourceTree = "<group>";
		};
		ACE3642019F75EB10088346D /* Main */ = {
			isa = PBXGroup;
			children = (
				AC71827419F5F30D001EFA4B /* Main.storyboard */,
				AC71829719F5FDE7001EFA4B /* BGKVLevelViewController.h */,
				AC71829819F5FDE7001EFA4B /* BGKVLevelViewController.m */,
				AC71827719F5F30D001EFA4B /* BGKVViewController.h */,
				AC71827819F5F30D001EFA4B /* BGKVViewController.m */,
				AC71827119F5F30D001EFA4B /* BGKVAppDelegate.h */,
				AC71827219F5F30D001EFA4B /* BGKVAppDelegate.m */,
				93FF56491A10672500017536 /* BGKVLevelSelectViewController.h */,
				93FF564A1A10672500017536 /* BGKVLevelSelectViewController.m */,
				5D4E1C9A1A11CE8300C50D71 /* BGKVMusicPlayer.h */,
				5D908D2319F8CE300054DF2D /* BGKVMusicPlayer.m */,
				5D4E1C971A11B24900C50D71 /* BGKVLoadScreenViewController.h */,
				5D4E1C981A11B24900C50D71 /* BGKVLoadScreenViewController.m */,
			);
			name = Main;
			sourceTree = "<group>";
		};
/* End PBXGroup section */

/* Begin PBXNativeTarget section */
		AC71825E19F5F30D001EFA4B /* SecurityGame */ = {
			isa = PBXNativeTarget;
			buildConfigurationList = AC71829119F5F30D001EFA4B /* Build configuration list for PBXNativeTarget "SecurityGame" */;
			buildPhases = (
				AC71825B19F5F30D001EFA4B /* Sources */,
				AC71825C19F5F30D001EFA4B /* Frameworks */,
				AC71825D19F5F30D001EFA4B /* Resources */,
			);
			buildRules = (
			);
			dependencies = (
			);
			name = SecurityGame;
			productName = SecurityGame;
			productReference = AC71825F19F5F30D001EFA4B /* SecurityGame.app */;
			productType = "com.apple.product-type.application";
		};
		AC71827F19F5F30D001EFA4B /* SecurityGameTests */ = {
			isa = PBXNativeTarget;
			buildConfigurationList = AC71829419F5F30D001EFA4B /* Build configuration list for PBXNativeTarget "SecurityGameTests" */;
			buildPhases = (
				AC71827C19F5F30D001EFA4B /* Sources */,
				AC71827D19F5F30D001EFA4B /* Frameworks */,
				AC71827E19F5F30D001EFA4B /* Resources */,
			);
			buildRules = (
			);
			dependencies = (
				AC71828619F5F30D001EFA4B /* PBXTargetDependency */,
			);
			name = SecurityGameTests;
			productName = SecurityGameTests;
			productReference = AC71828019F5F30D001EFA4B /* SecurityGameTests.xctest */;
			productType = "com.apple.product-type.bundle.unit-test";
		};
/* End PBXNativeTarget section */

/* Begin PBXProject section */
		AC71825719F5F30D001EFA4B /* Project object */ = {
			isa = PBXProject;
			attributes = {
				CLASSPREFIX = BGKV;
				LastUpgradeCheck = 0510;
				ORGANIZATIONNAME = BGKV;
				TargetAttributes = {
					AC71827F19F5F30D001EFA4B = {
						TestTargetID = AC71825E19F5F30D001EFA4B;
					};
				};
			};
			buildConfigurationList = AC71825A19F5F30D001EFA4B /* Build configuration list for PBXProject "SecurityGame" */;
			compatibilityVersion = "Xcode 3.2";
			developmentRegion = English;
			hasScannedForEncodings = 0;
			knownRegions = (
				en,
				Base,
			);
			mainGroup = AC71825619F5F30D001EFA4B;
			productRefGroup = AC71826019F5F30D001EFA4B /* Products */;
			projectDirPath = "";
			projectRoot = "";
			targets = (
				AC71825E19F5F30D001EFA4B /* SecurityGame */,
				AC71827F19F5F30D001EFA4B /* SecurityGameTests */,
			);
		};
/* End PBXProject section */

/* Begin PBXResourcesBuildPhase section */
		AC71825D19F5F30D001EFA4B /* Resources */ = {
			isa = PBXResourcesBuildPhase;
			buildActionMask = 2147483647;
			files = (
				0A872EBA1A2011BC003C6BE2 /* BGKVLevel18PasswordViewController.h in Resources */,
				0A1D06921A11DAD1005BB7BE /* BGKVLevel6PasswordViewController.h in Resources */,
				5DA172301A181A4E00E63BD0 /* Level9Storyboard.storyboard in Resources */,
				ACE3641D19F75CBA0088346D /* Level2Storyboard.storyboard in Resources */,
				9325FDF51A18C0A0008E91D6 /* Level7Storyboard.storyboard in Resources */,
				AC71827B19F5F30D001EFA4B /* Images.xcassets in Resources */,
				5D4E1C9C1A11CE9900C50D71 /* spy_music.mp3 in Resources */,
				5DA1723C1A1830E800E63BD0 /* Level10Storyboard.storyboard in Resources */,
				93A159E21A11EAA700118451 /* Level1Storyboard.storyboard in Resources */,
				ACE3641F19F75E9F0088346D /* RBStoryboardLICENSE in Resources */,
				AC71826D19F5F30D001EFA4B /* InfoPlist.strings in Resources */,
				0A8D738E1A19476E00E35321 /* BGKVLevel12PasswordViewController.h in Resources */,
				AC1C88511A186A2000CFA7B5 /* BGKVLevelContainer.xib in Resources */,
				0A98371E1A0C32FB00013F08 /* TutorialLevelStoryboard.storyboard in Resources */,
				AC71827619F5F30D001EFA4B /* Main.storyboard in Resources */,
				0A8D738C1A19476300E35321 /* Level12Storyboard.storyboard in Resources */,
				0A1D06901A11DAB3005BB7BE /* Level6Storyboard.storyboard in Resources */,
				93D23E111A19A8BB00C82071 /* Level8Storyboard.storyboard in Resources */,
				AC2B42B71A196FF200DE86B0 /* Level5Storyboard.storyboard in Resources */,
				5D8857DF1A1B1592002069D2 /* Level15Storyboard.storyboard in Resources */,
				93D23E1A1A19CF2700C82071 /* Level13Storyboard.storyboard in Resources */,
				0AA3C7B81A0DE780000B0E7C /* Level3Storyboard.storyboard in Resources */,
				0AAF58CF1A199CB9005984BE /* Level11Storyboard.storyboard in Resources */,
				0A872EB81A2011AE003C6BE2 /* Level18Storyboard.storyboard in Resources */,
				5D908D2119F8BB7B0054DF2D /* (null) in Resources */,
				5D4E1CA51A11D9A100C50D71 /* Level4Storyboard.storyboard in Resources */,
			);
			runOnlyForDeploymentPostprocessing = 0;
		};
		AC71827E19F5F30D001EFA4B /* Resources */ = {
			isa = PBXResourcesBuildPhase;
			buildActionMask = 2147483647;
			files = (
				93D23E161A19AC7A00C82071 /* Level8Tests.m in Resources */,
				AC71828C19F5F30D001EFA4B /* InfoPlist.strings in Resources */,
			);
			runOnlyForDeploymentPostprocessing = 0;
		};
/* End PBXResourcesBuildPhase section */

/* Begin PBXSourcesBuildPhase section */
		AC71825B19F5F30D001EFA4B /* Sources */ = {
			isa = PBXSourcesBuildPhase;
			buildActionMask = 2147483647;
			files = (
				ACE3641819F75C550088346D /* RBStoryboardPushSegue.m in Sources */,
				0AA3C7BB1A0DE7B6000B0E7C /* BGKVLevel3PasswordViewController.m in Sources */,
				AC2B42B51A196FEA00DE86B0 /* BGKVLevel5PasswordViewController.m in Sources */,
				5DA172371A181AA600E63BD0 /* BGKVLevel9PasswordViewController.m in Sources */,
				AC1C88501A186A2000CFA7B5 /* BGKVLevelContainer.m in Sources */,
				0A8D73901A19479C00E35321 /* BGKVLevel12PasswordViewController.m in Sources */,
				AC1C88571A186A3E00CFA7B5 /* BGKVLevelViewControllerCache.m in Sources */,
				0A872EBC1A2011D0003C6BE2 /* BGKVLevel18PasswordViewController.m in Sources */,
				ACE3641619F75C550088346D /* RBStoryboardModalSegue.m in Sources */,
				0A1D06941A11DAE2005BB7BE /* BGKVLevel6PasswordViewController.m in Sources */,
				93D23E141A19AA8700C82071 /* BGKVLevel8PasswordViewController.m in Sources */,
				AC1C88621A186A5900CFA7B5 /* UIBarButtonItem+Badge.m in Sources */,
				0A0740E41A19A6B90087D770 /* BGKVLevel11PasswordViewController.m in Sources */,
				AC71827319F5F30D001EFA4B /* BGKVAppDelegate.m in Sources */,
				ACE3641919F75C550088346D /* RBStoryboardSegue.m in Sources */,
				5D908D2419F8CE300054DF2D /* BGKVMusicPlayer.m in Sources */,
				AC71829919F5FDE7001EFA4B /* BGKVLevelViewController.m in Sources */,
				ACE3641A19F75C550088346D /* UIViewController+RBStoryboardLink.m in Sources */,
				AC1C885C1A186A4E00CFA7B5 /* BGKVWithinLevelSegue.m in Sources */,
				93FF564B1A10672500017536 /* BGKVLevelSelectViewController.m in Sources */,
				5D4E1CAA1A11DA9600C50D71 /* BGKVLevel4PasswordViewController.m in Sources */,
				ACE3641519F75C550088346D /* RBStoryboardLink.m in Sources */,
				93EED58F1A19952200F1B61B /* BGKVLevel7PasswordViewController.m in Sources */,
				AC71826F19F5F30D001EFA4B /* main.m in Sources */,
				AC1C88631A186A5900CFA7B5 /* UIButton+Badge.m in Sources */,
				5DA1723F1A18310500E63BD0 /* BGKVLevel10PasswordViewController.m in Sources */,
				ACE3642319F77C520088346D /* BGKVLevel2PasswordViewController.m in Sources */,
				AC1C88541A186A3100CFA7B5 /* BGKVHintViewController.m in Sources */,
				93A159E51A11EB7200118451 /* BGKVLevel1PasswordViewController.m in Sources */,
				AC71827919F5F30D001EFA4B /* BGKVViewController.m in Sources */,
				AC1C885D1A186A4E00CFA7B5 /* BGKVExitLevelSegue.m in Sources */,
				5D8857E21A1B15C7002069D2 /* BGKVLevel15PasswordViewController.m in Sources */,
				5D4E1C991A11B24900C50D71 /* BGKVLoadScreenViewController.m in Sources */,
				ACE3641719F75C550088346D /* RBStoryboardPopoverSegue.m in Sources */,
				93D23E1D1A19D5A400C82071 /* BGKVLevel13PasswordViewController.m in Sources */,
			);
			runOnlyForDeploymentPostprocessing = 0;
		};
		AC71827C19F5F30D001EFA4B /* Sources */ = {
			isa = PBXSourcesBuildPhase;
			buildActionMask = 2147483647;
			files = (
				AC1C88661A186BDA00CFA7B5 /* LevelContainerTests.m in Sources */,
				5DA172391A182C5000E63BD0 /* Level9Tests.m in Sources */,
				AC2B42B91A197EDD00DE86B0 /* Level5Tests.m in Sources */,
				0A1D068D1A11B4D4005BB7BE /* Level3Tests.m in Sources */,
				93EED5911A19A42000F1B61B /* Level7Tests.m in Sources */,
				93D23E1F1A19D6AD00C82071 /* Level13Tests.m in Sources */,
				0A1D06961A11DD0A005BB7BE /* Level6Tests.m in Sources */,
				5DA172411A1859DC00E63BD0 /* Level10Tests.m in Sources */,
				AC71828E19F5F30D001EFA4B /* Level2Tests.m in Sources */,
				5DD50EC81A084C700049B512 /* MusicTests.m in Sources */,
				5D4E1CA71A11D9BC00C50D71 /* Level4Tests.m in Sources */,
				93A159E91A11EEE500118451 /* Level1Tests.m in Sources */,
			);
			runOnlyForDeploymentPostprocessing = 0;
		};
/* End PBXSourcesBuildPhase section */

/* Begin PBXTargetDependency section */
		AC71828619F5F30D001EFA4B /* PBXTargetDependency */ = {
			isa = PBXTargetDependency;
			target = AC71825E19F5F30D001EFA4B /* SecurityGame */;
			targetProxy = AC71828519F5F30D001EFA4B /* PBXContainerItemProxy */;
		};
/* End PBXTargetDependency section */

/* Begin PBXVariantGroup section */
		AC71826B19F5F30D001EFA4B /* InfoPlist.strings */ = {
			isa = PBXVariantGroup;
			children = (
				AC71826C19F5F30D001EFA4B /* en */,
			);
			name = InfoPlist.strings;
			sourceTree = "<group>";
		};
		AC71827419F5F30D001EFA4B /* Main.storyboard */ = {
			isa = PBXVariantGroup;
			children = (
				AC71827519F5F30D001EFA4B /* Base */,
			);
			name = Main.storyboard;
			sourceTree = "<group>";
		};
		AC71828A19F5F30D001EFA4B /* InfoPlist.strings */ = {
			isa = PBXVariantGroup;
			children = (
				AC71828B19F5F30D001EFA4B /* en */,
			);
			name = InfoPlist.strings;
			sourceTree = "<group>";
		};
/* End PBXVariantGroup section */

/* Begin XCBuildConfiguration section */
		AC71828F19F5F30D001EFA4B /* Debug */ = {
			isa = XCBuildConfiguration;
			buildSettings = {
				ALWAYS_SEARCH_USER_PATHS = NO;
				CLANG_CXX_LANGUAGE_STANDARD = "gnu++0x";
				CLANG_CXX_LIBRARY = "libc++";
				CLANG_ENABLE_MODULES = YES;
				CLANG_ENABLE_OBJC_ARC = YES;
				CLANG_WARN_BOOL_CONVERSION = YES;
				CLANG_WARN_CONSTANT_CONVERSION = YES;
				CLANG_WARN_DIRECT_OBJC_ISA_USAGE = YES_ERROR;
				CLANG_WARN_EMPTY_BODY = YES;
				CLANG_WARN_ENUM_CONVERSION = YES;
				CLANG_WARN_INT_CONVERSION = YES;
				CLANG_WARN_OBJC_ROOT_CLASS = YES_ERROR;
				CLANG_WARN__DUPLICATE_METHOD_MATCH = YES;
				"CODE_SIGN_IDENTITY[sdk=iphoneos*]" = "iPhone Developer";
				COPY_PHASE_STRIP = NO;
				GCC_C_LANGUAGE_STANDARD = gnu99;
				GCC_DYNAMIC_NO_PIC = NO;
				GCC_OPTIMIZATION_LEVEL = 0;
				GCC_PREPROCESSOR_DEFINITIONS = (
					"DEBUG=1",
					"$(inherited)",
				);
				GCC_SYMBOLS_PRIVATE_EXTERN = NO;
				GCC_WARN_64_TO_32_BIT_CONVERSION = YES;
				GCC_WARN_ABOUT_RETURN_TYPE = YES_ERROR;
				GCC_WARN_UNDECLARED_SELECTOR = YES;
				GCC_WARN_UNINITIALIZED_AUTOS = YES_AGGRESSIVE;
				GCC_WARN_UNUSED_FUNCTION = YES;
				GCC_WARN_UNUSED_VARIABLE = YES;
				IPHONEOS_DEPLOYMENT_TARGET = 7.1;
				ONLY_ACTIVE_ARCH = YES;
				SDKROOT = iphoneos;
				TARGETED_DEVICE_FAMILY = 2;
			};
			name = Debug;
		};
		AC71829019F5F30D001EFA4B /* Release */ = {
			isa = XCBuildConfiguration;
			buildSettings = {
				ALWAYS_SEARCH_USER_PATHS = NO;
				CLANG_CXX_LANGUAGE_STANDARD = "gnu++0x";
				CLANG_CXX_LIBRARY = "libc++";
				CLANG_ENABLE_MODULES = YES;
				CLANG_ENABLE_OBJC_ARC = YES;
				CLANG_WARN_BOOL_CONVERSION = YES;
				CLANG_WARN_CONSTANT_CONVERSION = YES;
				CLANG_WARN_DIRECT_OBJC_ISA_USAGE = YES_ERROR;
				CLANG_WARN_EMPTY_BODY = YES;
				CLANG_WARN_ENUM_CONVERSION = YES;
				CLANG_WARN_INT_CONVERSION = YES;
				CLANG_WARN_OBJC_ROOT_CLASS = YES_ERROR;
				CLANG_WARN__DUPLICATE_METHOD_MATCH = YES;
				"CODE_SIGN_IDENTITY[sdk=iphoneos*]" = "iPhone Developer";
				COPY_PHASE_STRIP = YES;
				ENABLE_NS_ASSERTIONS = NO;
				GCC_C_LANGUAGE_STANDARD = gnu99;
				GCC_WARN_64_TO_32_BIT_CONVERSION = YES;
				GCC_WARN_ABOUT_RETURN_TYPE = YES_ERROR;
				GCC_WARN_UNDECLARED_SELECTOR = YES;
				GCC_WARN_UNINITIALIZED_AUTOS = YES_AGGRESSIVE;
				GCC_WARN_UNUSED_FUNCTION = YES;
				GCC_WARN_UNUSED_VARIABLE = YES;
				IPHONEOS_DEPLOYMENT_TARGET = 7.1;
				SDKROOT = iphoneos;
				TARGETED_DEVICE_FAMILY = 2;
				VALIDATE_PRODUCT = YES;
			};
			name = Release;
		};
		AC71829219F5F30D001EFA4B /* Debug */ = {
			isa = XCBuildConfiguration;
			buildSettings = {
				ASSETCATALOG_COMPILER_APPICON_NAME = AppIcon;
				ASSETCATALOG_COMPILER_LAUNCHIMAGE_NAME = LaunchImage;
				GCC_PRECOMPILE_PREFIX_HEADER = YES;
				GCC_PREFIX_HEADER = "SecurityGame/SecurityGame-Prefix.pch";
				INFOPLIST_FILE = "SecurityGame/SecurityGame-Info.plist";
				PRODUCT_NAME = "$(TARGET_NAME)";
				WRAPPER_EXTENSION = app;
			};
			name = Debug;
		};
		AC71829319F5F30D001EFA4B /* Release */ = {
			isa = XCBuildConfiguration;
			buildSettings = {
				ASSETCATALOG_COMPILER_APPICON_NAME = AppIcon;
				ASSETCATALOG_COMPILER_LAUNCHIMAGE_NAME = LaunchImage;
				GCC_PRECOMPILE_PREFIX_HEADER = YES;
				GCC_PREFIX_HEADER = "SecurityGame/SecurityGame-Prefix.pch";
				INFOPLIST_FILE = "SecurityGame/SecurityGame-Info.plist";
				PRODUCT_NAME = "$(TARGET_NAME)";
				WRAPPER_EXTENSION = app;
			};
			name = Release;
		};
		AC71829519F5F30D001EFA4B /* Debug */ = {
			isa = XCBuildConfiguration;
			buildSettings = {
				BUNDLE_LOADER = "$(BUILT_PRODUCTS_DIR)/SecurityGame.app/SecurityGame";
				FRAMEWORK_SEARCH_PATHS = (
					"$(SDKROOT)/Developer/Library/Frameworks",
					"$(inherited)",
					"$(DEVELOPER_FRAMEWORKS_DIR)",
				);
				GCC_PRECOMPILE_PREFIX_HEADER = YES;
				GCC_PREFIX_HEADER = "SecurityGame/SecurityGame-Prefix.pch";
				GCC_PREPROCESSOR_DEFINITIONS = (
					"DEBUG=1",
					"$(inherited)",
				);
				INFOPLIST_FILE = "SecurityGameTests/SecurityGameTests-Info.plist";
				PRODUCT_NAME = "$(TARGET_NAME)";
				TEST_HOST = "$(BUNDLE_LOADER)";
				WRAPPER_EXTENSION = xctest;
			};
			name = Debug;
		};
		AC71829619F5F30D001EFA4B /* Release */ = {
			isa = XCBuildConfiguration;
			buildSettings = {
				BUNDLE_LOADER = "$(BUILT_PRODUCTS_DIR)/SecurityGame.app/SecurityGame";
				FRAMEWORK_SEARCH_PATHS = (
					"$(SDKROOT)/Developer/Library/Frameworks",
					"$(inherited)",
					"$(DEVELOPER_FRAMEWORKS_DIR)",
				);
				GCC_PRECOMPILE_PREFIX_HEADER = YES;
				GCC_PREFIX_HEADER = "SecurityGame/SecurityGame-Prefix.pch";
				INFOPLIST_FILE = "SecurityGameTests/SecurityGameTests-Info.plist";
				PRODUCT_NAME = "$(TARGET_NAME)";
				TEST_HOST = "$(BUNDLE_LOADER)";
				WRAPPER_EXTENSION = xctest;
			};
			name = Release;
		};
/* End XCBuildConfiguration section */

/* Begin XCConfigurationList section */
		AC71825A19F5F30D001EFA4B /* Build configuration list for PBXProject "SecurityGame" */ = {
			isa = XCConfigurationList;
			buildConfigurations = (
				AC71828F19F5F30D001EFA4B /* Debug */,
				AC71829019F5F30D001EFA4B /* Release */,
			);
			defaultConfigurationIsVisible = 0;
			defaultConfigurationName = Release;
		};
		AC71829119F5F30D001EFA4B /* Build configuration list for PBXNativeTarget "SecurityGame" */ = {
			isa = XCConfigurationList;
			buildConfigurations = (
				AC71829219F5F30D001EFA4B /* Debug */,
				AC71829319F5F30D001EFA4B /* Release */,
			);
			defaultConfigurationIsVisible = 0;
			defaultConfigurationName = Release;
		};
		AC71829419F5F30D001EFA4B /* Build configuration list for PBXNativeTarget "SecurityGameTests" */ = {
			isa = XCConfigurationList;
			buildConfigurations = (
				AC71829519F5F30D001EFA4B /* Debug */,
				AC71829619F5F30D001EFA4B /* Release */,
			);
			defaultConfigurationIsVisible = 0;
			defaultConfigurationName = Release;
		};
/* End XCConfigurationList section */
	};
	rootObject = AC71825719F5F30D001EFA4B /* Project object */;
}
